
Microsoft Visual Studio Solution File, Format Version 12.00
# Visual Studio Version 17
VisualStudioVersion = 17.1.31911.260
MinimumVisualStudioVersion = 10.0.40219.1
Project("{9A19103F-16F7-4668-BE54-9A1E7A4F7556}") = "miniflux-dotnet", "miniflux-dotnet\miniflux-dotnet.csproj", "{BF4423F7-2346-4B6C-8FFD-D2A80E6879D0}"
EndProject
Project("{9A19103F-16F7-4668-BE54-9A1E7A4F7556}") = "miniflux-dotnet.cli", "miniflux-dotnet.cli\miniflux-dotnet.cli.csproj", "{055F8FE4-1282-4C64-BD0B-DF38B0770047}"
EndProject
Global
	GlobalSection(SolutionConfigurationPlatforms) = preSolution
		Debug|Any CPU = Debug|Any CPU
		Release|Any CPU = Release|Any CPU
	EndGlobalSection
	GlobalSection(ProjectConfigurationPlatforms) = postSolution
		{BF4423F7-2346-4B6C-8FFD-D2A80E6879D0}.Debug|Any CPU.ActiveCfg = Debug|Any CPU
		{BF4423F7-2346-4B6C-8FFD-D2A80E6879D0}.Debug|Any CPU.Build.0 = Debug|Any CPU
		{BF4423F7-2346-4B6C-8FFD-D2A80E6879D0}.Release|Any CPU.ActiveCfg = Release|Any CPU
		{BF4423F7-2346-4B6C-8FFD-D2A80E6879D0}.Release|Any CPU.Build.0 = Release|Any CPU
		{055F8FE4-1282-4C64-BD0B-DF38B0770047}.Debug|Any CPU.ActiveCfg = Debug|Any CPU
		{055F8FE4-1282-4C64-BD0B-DF38B0770047}.Debug|Any CPU.Build.0 = Debug|Any CPU
		{055F8FE4-1282-4C64-BD0B-DF38B0770047}.Release|Any CPU.ActiveCfg = Release|Any CPU
		{055F8FE4-1282-4C64-BD0B-DF38B0770047}.Release|Any CPU.Build.0 = Release|Any CPU
	EndGlobalSection
	GlobalSection(SolutionProperties) = preSolution
		HideSolutionNode = FALSE
	EndGlobalSection
	GlobalSection(ExtensibilityGlobals) = postSolution
		SolutionGuid = {A52A4D3D-B9F3-4BB8-B4D4-BBCE856D8CF0}
	EndGlobalSection
EndGlobal
